
Microsoft Visual Studio Solution File, Format Version 12.00
# Visual Studio 2012
Project("{FAE04EC0-301F-11D3-BF4B-00C04F79EFBC}") = "IISManager", "IISManager\IISManager.csproj", "{73529FB5-C6B0-4D0C-B63C-29E33129BEE4}"
EndProject
Global
	GlobalSection(SolutionConfigurationPlatforms) = preSolution
		Debug|Any CPU = Debug|Any CPU
		Release|Any CPU = Release|Any CPU
	EndGlobalSection
	GlobalSection(ProjectConfigurationPlatforms) = postSolution
		{73529FB5-C6B0-4D0C-B63C-29E33129BEE4}.Debug|Any CPU.ActiveCfg = Debug|Any CPU
		{73529FB5-C6B0-4D0C-B63C-29E33129BEE4}.Debug|Any CPU.Build.0 = Debug|Any CPU
		{73529FB5-C6B0-4D0C-B63C-29E33129BEE4}.Release|Any CPU.ActiveCfg = Release|Any CPU
		{73529FB5-C6B0-4D0C-B63C-29E33129BEE4}.Release|Any CPU.Build.0 = Release|Any CPU
	EndGlobalSection
	GlobalSection(SolutionProperties) = preSolution
		HideSolutionNode = FALSE
	EndGlobalSection
EndGlobal
